
Microsoft Visual Studio Solution File, Format Version 12.00
# Visual Studio Version 17
VisualStudioVersion = 17.6.33829.357
MinimumVisualStudioVersion = 10.0.40219.1
Project("{FAE04EC0-301F-11D3-BF4B-00C04F79EFBC}") = "SAPD-Course", "SAPD-Course\SAPD-Course.csproj", "{C7BED089-07AF-428F-8B76-EC61BB0D073A}"
EndProject
Global
	GlobalSection(SolutionConfigurationPlatforms) = preSolution
		Debug|Any CPU = Debug|Any CPU
		Release|Any CPU = Release|Any CPU
	EndGlobalSection
	GlobalSection(ProjectConfigurationPlatforms) = postSolution
		{C7BED089-07AF-428F-8B76-EC61BB0D073A}.Debug|Any CPU.ActiveCfg = Debug|Any CPU
		{C7BED089-07AF-428F-8B76-EC61BB0D073A}.Debug|Any CPU.Build.0 = Debug|Any CPU
		{C7BED089-07AF-428F-8B76-EC61BB0D073A}.Release|Any CPU.ActiveCfg = Release|Any CPU
		{C7BED089-07AF-428F-8B76-EC61BB0D073A}.Release|Any CPU.Build.0 = Release|Any CPU
	EndGlobalSection
	GlobalSection(SolutionProperties) = preSolution
		HideSolutionNode = FALSE
	EndGlobalSection
	GlobalSection(ExtensibilityGlobals) = postSolution
		SolutionGuid = {BAE3EAE7-A9E6-4C74-8CD2-CDB8E2FC01AC}
	EndGlobalSection
EndGlobal
